
Microsoft Visual Studio Solution File, Format Version 12.00
# Visual Studio Version 16
VisualStudioVersion = 16.0.32407.337
MinimumVisualStudioVersion = 10.0.40219.1
Project("{FAE04EC0-301F-11D3-BF4B-00C04F79EFBC}") = "MaioresNumerosArraySemRetorno", "MaioresNumerosArraySemRetorno\MaioresNumerosArraySemRetorno.csproj", "{BC495DA9-AD06-43D8-ACDB-AF04858D48FB}"
EndProject
Global
	GlobalSection(SolutionConfigurationPlatforms) = preSolution
		Debug|Any CPU = Debug|Any CPU
		Release|Any CPU = Release|Any CPU
	EndGlobalSection
	GlobalSection(ProjectConfigurationPlatforms) = postSolution
		{BC495DA9-AD06-43D8-ACDB-AF04858D48FB}.Debug|Any CPU.ActiveCfg = Debug|Any CPU
		{BC495DA9-AD06-43D8-ACDB-AF04858D48FB}.Debug|Any CPU.Build.0 = Debug|Any CPU
		{BC495DA9-AD06-43D8-ACDB-AF04858D48FB}.Release|Any CPU.ActiveCfg = Release|Any CPU
		{BC495DA9-AD06-43D8-ACDB-AF04858D48FB}.Release|Any CPU.Build.0 = Release|Any CPU
	EndGlobalSection
	GlobalSection(SolutionProperties) = preSolution
		HideSolutionNode = FALSE
	EndGlobalSection
	GlobalSection(ExtensibilityGlobals) = postSolution
		SolutionGuid = {68075635-BC00-4E11-A368-0CD0E074A058}
	EndGlobalSection
EndGlobal
