
Microsoft Visual Studio Solution File, Format Version 12.00
# Visual Studio Version 16
VisualStudioVersion = 16.0.32407.337
MinimumVisualStudioVersion = 10.0.40219.1
Project("{FAE04EC0-301F-11D3-BF4B-00C04F79EFBC}") = "funcoes", "funcoes\funcoes.csproj", "{0E9638C7-EA85-4D77-861C-7D631A1F318A}"
EndProject
Global
	GlobalSection(SolutionConfigurationPlatforms) = preSolution
		Debug|Any CPU = Debug|Any CPU
		Release|Any CPU = Release|Any CPU
	EndGlobalSection
	GlobalSection(ProjectConfigurationPlatforms) = postSolution
		{0E9638C7-EA85-4D77-861C-7D631A1F318A}.Debug|Any CPU.ActiveCfg = Debug|Any CPU
		{0E9638C7-EA85-4D77-861C-7D631A1F318A}.Debug|Any CPU.Build.0 = Debug|Any CPU
		{0E9638C7-EA85-4D77-861C-7D631A1F318A}.Release|Any CPU.ActiveCfg = Release|Any CPU
		{0E9638C7-EA85-4D77-861C-7D631A1F318A}.Release|Any CPU.Build.0 = Release|Any CPU
	EndGlobalSection
	GlobalSection(SolutionProperties) = preSolution
		HideSolutionNode = FALSE
	EndGlobalSection
	GlobalSection(ExtensibilityGlobals) = postSolution
		SolutionGuid = {18D57C37-5E7C-47D2-9EFB-D3DB43F13176}
	EndGlobalSection
EndGlobal
