
Microsoft Visual Studio Solution File, Format Version 12.00
# Visual Studio Version 16
VisualStudioVersion = 16.0.32407.337
MinimumVisualStudioVersion = 10.0.40219.1
Project("{FAE04EC0-301F-11D3-BF4B-00C04F79EFBC}") = "jogoRandomização", "jogoRandomização\jogoRandomização.csproj", "{F5723496-6501-4C48-9826-1D259380BAA6}"
EndProject
Global
	GlobalSection(SolutionConfigurationPlatforms) = preSolution
		Debug|Any CPU = Debug|Any CPU
		Release|Any CPU = Release|Any CPU
	EndGlobalSection
	GlobalSection(ProjectConfigurationPlatforms) = postSolution
		{F5723496-6501-4C48-9826-1D259380BAA6}.Debug|Any CPU.ActiveCfg = Debug|Any CPU
		{F5723496-6501-4C48-9826-1D259380BAA6}.Debug|Any CPU.Build.0 = Debug|Any CPU
		{F5723496-6501-4C48-9826-1D259380BAA6}.Release|Any CPU.ActiveCfg = Release|Any CPU
		{F5723496-6501-4C48-9826-1D259380BAA6}.Release|Any CPU.Build.0 = Release|Any CPU
	EndGlobalSection
	GlobalSection(SolutionProperties) = preSolution
		HideSolutionNode = FALSE
	EndGlobalSection
	GlobalSection(ExtensibilityGlobals) = postSolution
		SolutionGuid = {DE77A78B-069D-49F5-98B8-E3816B49037B}
	EndGlobalSection
EndGlobal
