
Microsoft Visual Studio Solution File, Format Version 12.00
# Visual Studio Version 16
VisualStudioVersion = 16.0.32407.337
MinimumVisualStudioVersion = 10.0.40219.1
Project("{FAE04EC0-301F-11D3-BF4B-00C04F79EFBC}") = "arraynumerosgrandes", "arraynumerosgrandes\arraynumerosgrandes.csproj", "{F08E2205-45CC-4236-B91D-EE320E715212}"
EndProject
Global
	GlobalSection(SolutionConfigurationPlatforms) = preSolution
		Debug|Any CPU = Debug|Any CPU
		Release|Any CPU = Release|Any CPU
	EndGlobalSection
	GlobalSection(ProjectConfigurationPlatforms) = postSolution
		{F08E2205-45CC-4236-B91D-EE320E715212}.Debug|Any CPU.ActiveCfg = Debug|Any CPU
		{F08E2205-45CC-4236-B91D-EE320E715212}.Debug|Any CPU.Build.0 = Debug|Any CPU
		{F08E2205-45CC-4236-B91D-EE320E715212}.Release|Any CPU.ActiveCfg = Release|Any CPU
		{F08E2205-45CC-4236-B91D-EE320E715212}.Release|Any CPU.Build.0 = Release|Any CPU
	EndGlobalSection
	GlobalSection(SolutionProperties) = preSolution
		HideSolutionNode = FALSE
	EndGlobalSection
	GlobalSection(ExtensibilityGlobals) = postSolution
		SolutionGuid = {353F0E19-5553-4172-9E68-8EE2FED6FA5C}
	EndGlobalSection
EndGlobal
